
Microsoft Visual Studio Solution File, Format Version 12.00
# Visual Studio Version 17
Project("{2150E333-8FDC-42A3-9474-1A3956D46DE8}") = "CMakePredefinedTargets", "CMakePredefinedTargets", "{1AA071D9-2F5C-3A31-9889-ED07BD719A59}"
EndProject
Project("{2150E333-8FDC-42A3-9474-1A3956D46DE8}") = "External", "External", "{00D40D64-CA08-3419-9DDA-C7C732000C93}"
EndProject
Project("{2150E333-8FDC-42A3-9474-1A3956D46DE8}") = "Internal", "Internal", "{67350127-9E63-3C8C-8C2B-458F016CE815}"
EndProject
Project("{2150E333-8FDC-42A3-9474-1A3956D46DE8}") = "Utils", "Utils", "{CB7B5989-FE77-32B7-9160-5D55A26BA05B}"
EndProject
Project("{8BC9CEB8-8B4A-11D0-8D11-00A0C91BC942}") = "ALL_BUILD", "ALL_BUILD.vcxproj", "{112C3458-DBD5-3644-8E4C-860DC0A8B7B7}"
	ProjectSection(ProjectDependencies) = postProject
		{BA762F9B-4FBC-31E7-89CA-721C70EF11F4} = {BA762F9B-4FBC-31E7-89CA-721C70EF11F4}
		{3A819C7B-98E4-378A-82D2-A7B69042D575} = {3A819C7B-98E4-378A-82D2-A7B69042D575}
		{E3C175FC-68E8-36A2-9B5E-3626926AE8D5} = {E3C175FC-68E8-36A2-9B5E-3626926AE8D5}
		{5E679BEB-F74B-363E-ADAF-0CE2E7D49EAA} = {5E679BEB-F74B-363E-ADAF-0CE2E7D49EAA}
		{AAC51452-AB37-345C-9C76-C808FAAAF4A9} = {AAC51452-AB37-345C-9C76-C808FAAAF4A9}
		{AAD59B56-552B-3463-B331-8B87214F677E} = {AAD59B56-552B-3463-B331-8B87214F677E}
		{79FAB8E0-F918-3977-BC5F-14559ED67D5B} = {79FAB8E0-F918-3977-BC5F-14559ED67D5B}
		{7AB0CD93-1279-3275-8303-A58BB61B2A69} = {7AB0CD93-1279-3275-8303-A58BB61B2A69}
		{AFB0A933-52D5-39C0-AA6F-48A0D06418C8} = {AFB0A933-52D5-39C0-AA6F-48A0D06418C8}
		{3850F555-3B3E-36D2-80F0-1D2065A7FFCF} = {3850F555-3B3E-36D2-80F0-1D2065A7FFCF}
		{2EE6EA75-0EE3-36BE-BAF9-45D4BE638040} = {2EE6EA75-0EE3-36BE-BAF9-45D4BE638040}
		{1B2D243F-AFD5-3510-8B87-C3E0983039D2} = {1B2D243F-AFD5-3510-8B87-C3E0983039D2}
		{43266518-15C5-3DDA-973E-40828374E225} = {43266518-15C5-3DDA-973E-40828374E225}
		{980C3E0A-6EF2-3132-9DD0-65E69CA3BD5B} = {980C3E0A-6EF2-3132-9DD0-65E69CA3BD5B}
		{500A998C-EBF3-3945-B441-8B4BBF11F8AA} = {500A998C-EBF3-3945-B441-8B4BBF11F8AA}
	EndProjectSection
EndProject
Project("{8BC9CEB8-8B4A-11D0-8D11-00A0C91BC942}") = "HYLD", "HYLD.vcxproj", "{BA762F9B-4FBC-31E7-89CA-721C70EF11F4}"
	ProjectSection(ProjectDependencies) = postProject
		{3A819C7B-98E4-378A-82D2-A7B69042D575} = {3A819C7B-98E4-378A-82D2-A7B69042D575}
		{E3C175FC-68E8-36A2-9B5E-3626926AE8D5} = {E3C175FC-68E8-36A2-9B5E-3626926AE8D5}
		{5E679BEB-F74B-363E-ADAF-0CE2E7D49EAA} = {5E679BEB-F74B-363E-ADAF-0CE2E7D49EAA}
		{AAC51452-AB37-345C-9C76-C808FAAAF4A9} = {AAC51452-AB37-345C-9C76-C808FAAAF4A9}
		{AAD59B56-552B-3463-B331-8B87214F677E} = {AAD59B56-552B-3463-B331-8B87214F677E}
		{79FAB8E0-F918-3977-BC5F-14559ED67D5B} = {79FAB8E0-F918-3977-BC5F-14559ED67D5B}
		{7AB0CD93-1279-3275-8303-A58BB61B2A69} = {7AB0CD93-1279-3275-8303-A58BB61B2A69}
		{AFB0A933-52D5-39C0-AA6F-48A0D06418C8} = {AFB0A933-52D5-39C0-AA6F-48A0D06418C8}
		{3850F555-3B3E-36D2-80F0-1D2065A7FFCF} = {3850F555-3B3E-36D2-80F0-1D2065A7FFCF}
		{2EE6EA75-0EE3-36BE-BAF9-45D4BE638040} = {2EE6EA75-0EE3-36BE-BAF9-45D4BE638040}
		{1B2D243F-AFD5-3510-8B87-C3E0983039D2} = {1B2D243F-AFD5-3510-8B87-C3E0983039D2}
		{43266518-15C5-3DDA-973E-40828374E225} = {43266518-15C5-3DDA-973E-40828374E225}
		{980C3E0A-6EF2-3132-9DD0-65E69CA3BD5B} = {980C3E0A-6EF2-3132-9DD0-65E69CA3BD5B}
		{500A998C-EBF3-3945-B441-8B4BBF11F8AA} = {500A998C-EBF3-3945-B441-8B4BBF11F8AA}
	EndProjectSection
EndProject
Project("{8BC9CEB8-8B4A-11D0-8D11-00A0C91BC942}") = "SYNC_RESOURCE-HYLD", "SYNC_RESOURCE-HYLD.vcxproj", "{3A819C7B-98E4-378A-82D2-A7B69042D575}"
	ProjectSection(ProjectDependencies) = postProject
		{E3C175FC-68E8-36A2-9B5E-3626926AE8D5} = {E3C175FC-68E8-36A2-9B5E-3626926AE8D5}
	EndProjectSection
EndProject
Project("{8BC9CEB8-8B4A-11D0-8D11-00A0C91BC942}") = "ZERO_CHECK", "ZERO_CHECK.vcxproj", "{E3C175FC-68E8-36A2-9B5E-3626926AE8D5}"
	ProjectSection(ProjectDependencies) = postProject
	EndProjectSection
EndProject
Project("{8BC9CEB8-8B4A-11D0-8D11-00A0C91BC942}") = "cocos2d", "engine\cocos\core\cocos2d.vcxproj", "{5E679BEB-F74B-363E-ADAF-0CE2E7D49EAA}"
	ProjectSection(ProjectDependencies) = postProject
		{E3C175FC-68E8-36A2-9B5E-3626926AE8D5} = {E3C175FC-68E8-36A2-9B5E-3626926AE8D5}
		{AAC51452-AB37-345C-9C76-C808FAAAF4A9} = {AAC51452-AB37-345C-9C76-C808FAAAF4A9}
		{AAD59B56-552B-3463-B331-8B87214F677E} = {AAD59B56-552B-3463-B331-8B87214F677E}
		{79FAB8E0-F918-3977-BC5F-14559ED67D5B} = {79FAB8E0-F918-3977-BC5F-14559ED67D5B}
		{7AB0CD93-1279-3275-8303-A58BB61B2A69} = {7AB0CD93-1279-3275-8303-A58BB61B2A69}
		{AFB0A933-52D5-39C0-AA6F-48A0D06418C8} = {AFB0A933-52D5-39C0-AA6F-48A0D06418C8}
		{3850F555-3B3E-36D2-80F0-1D2065A7FFCF} = {3850F555-3B3E-36D2-80F0-1D2065A7FFCF}
		{2EE6EA75-0EE3-36BE-BAF9-45D4BE638040} = {2EE6EA75-0EE3-36BE-BAF9-45D4BE638040}
		{1B2D243F-AFD5-3510-8B87-C3E0983039D2} = {1B2D243F-AFD5-3510-8B87-C3E0983039D2}
		{43266518-15C5-3DDA-973E-40828374E225} = {43266518-15C5-3DDA-973E-40828374E225}
		{980C3E0A-6EF2-3132-9DD0-65E69CA3BD5B} = {980C3E0A-6EF2-3132-9DD0-65E69CA3BD5B}
		{500A998C-EBF3-3945-B441-8B4BBF11F8AA} = {500A998C-EBF3-3945-B441-8B4BBF11F8AA}
	EndProjectSection
EndProject
Project("{8BC9CEB8-8B4A-11D0-8D11-00A0C91BC942}") = "ext_clipper", "engine\external\clipper\ext_clipper.vcxproj", "{AAC51452-AB37-345C-9C76-C808FAAAF4A9}"
	ProjectSection(ProjectDependencies) = postProject
		{E3C175FC-68E8-36A2-9B5E-3626926AE8D5} = {E3C175FC-68E8-36A2-9B5E-3626926AE8D5}
	EndProjectSection
EndProject
Project("{8BC9CEB8-8B4A-11D0-8D11-00A0C91BC942}") = "ext_convertUTF", "engine\external\ConvertUTF\ext_convertUTF.vcxproj", "{AAD59B56-552B-3463-B331-8B87214F677E}"
	ProjectSection(ProjectDependencies) = postProject
		{E3C175FC-68E8-36A2-9B5E-3626926AE8D5} = {E3C175FC-68E8-36A2-9B5E-3626926AE8D5}
	EndProjectSection
EndProject
Project("{8BC9CEB8-8B4A-11D0-8D11-00A0C91BC942}") = "ext_edtaa3func", "engine\external\edtaa3func\ext_edtaa3func.vcxproj", "{79FAB8E0-F918-3977-BC5F-14559ED67D5B}"
	ProjectSection(ProjectDependencies) = postProject
		{E3C175FC-68E8-36A2-9B5E-3626926AE8D5} = {E3C175FC-68E8-36A2-9B5E-3626926AE8D5}
	EndProjectSection
EndProject
Project("{8BC9CEB8-8B4A-11D0-8D11-00A0C91BC942}") = "ext_md5", "engine\external\md5\ext_md5.vcxproj", "{7AB0CD93-1279-3275-8303-A58BB61B2A69}"
	ProjectSection(ProjectDependencies) = postProject
		{E3C175FC-68E8-36A2-9B5E-3626926AE8D5} = {E3C175FC-68E8-36A2-9B5E-3626926AE8D5}
	EndProjectSection
EndProject
Project("{8BC9CEB8-8B4A-11D0-8D11-00A0C91BC942}") = "ext_poly2tri", "engine\external\poly2tri\ext_poly2tri.vcxproj", "{AFB0A933-52D5-39C0-AA6F-48A0D06418C8}"
	ProjectSection(ProjectDependencies) = postProject
		{E3C175FC-68E8-36A2-9B5E-3626926AE8D5} = {E3C175FC-68E8-36A2-9B5E-3626926AE8D5}
	EndProjectSection
EndProject
Project("{8BC9CEB8-8B4A-11D0-8D11-00A0C91BC942}") = "ext_recast", "engine\external\recast\ext_recast.vcxproj", "{3850F555-3B3E-36D2-80F0-1D2065A7FFCF}"
	ProjectSection(ProjectDependencies) = postProject
		{E3C175FC-68E8-36A2-9B5E-3626926AE8D5} = {E3C175FC-68E8-36A2-9B5E-3626926AE8D5}
	EndProjectSection
EndProject
Project("{8BC9CEB8-8B4A-11D0-8D11-00A0C91BC942}") = "ext_tinyxml2", "engine\external\tinyxml2\ext_tinyxml2.vcxproj", "{2EE6EA75-0EE3-36BE-BAF9-45D4BE638040}"
	ProjectSection(ProjectDependencies) = postProject
		{E3C175FC-68E8-36A2-9B5E-3626926AE8D5} = {E3C175FC-68E8-36A2-9B5E-3626926AE8D5}
	EndProjectSection
EndProject
Project("{8BC9CEB8-8B4A-11D0-8D11-00A0C91BC942}") = "ext_unzip", "engine\external\unzip\ext_unzip.vcxproj", "{1B2D243F-AFD5-3510-8B87-C3E0983039D2}"
	ProjectSection(ProjectDependencies) = postProject
		{E3C175FC-68E8-36A2-9B5E-3626926AE8D5} = {E3C175FC-68E8-36A2-9B5E-3626926AE8D5}
	EndProjectSection
EndProject
Project("{8BC9CEB8-8B4A-11D0-8D11-00A0C91BC942}") = "ext_xxhash", "engine\external\xxhash\ext_xxhash.vcxproj", "{43266518-15C5-3DDA-973E-40828374E225}"
	ProjectSection(ProjectDependencies) = postProject
		{E3C175FC-68E8-36A2-9B5E-3626926AE8D5} = {E3C175FC-68E8-36A2-9B5E-3626926AE8D5}
	EndProjectSection
EndProject
Project("{8BC9CEB8-8B4A-11D0-8D11-00A0C91BC942}") = "ext_xxtea", "engine\external\xxtea\ext_xxtea.vcxproj", "{980C3E0A-6EF2-3132-9DD0-65E69CA3BD5B}"
	ProjectSection(ProjectDependencies) = postProject
		{E3C175FC-68E8-36A2-9B5E-3626926AE8D5} = {E3C175FC-68E8-36A2-9B5E-3626926AE8D5}
	EndProjectSection
EndProject
Project("{8BC9CEB8-8B4A-11D0-8D11-00A0C91BC942}") = "external", "engine\external\external.vcxproj", "{500A998C-EBF3-3945-B441-8B4BBF11F8AA}"
	ProjectSection(ProjectDependencies) = postProject
		{E3C175FC-68E8-36A2-9B5E-3626926AE8D5} = {E3C175FC-68E8-36A2-9B5E-3626926AE8D5}
		{AAC51452-AB37-345C-9C76-C808FAAAF4A9} = {AAC51452-AB37-345C-9C76-C808FAAAF4A9}
		{AAD59B56-552B-3463-B331-8B87214F677E} = {AAD59B56-552B-3463-B331-8B87214F677E}
		{79FAB8E0-F918-3977-BC5F-14559ED67D5B} = {79FAB8E0-F918-3977-BC5F-14559ED67D5B}
		{7AB0CD93-1279-3275-8303-A58BB61B2A69} = {7AB0CD93-1279-3275-8303-A58BB61B2A69}
		{AFB0A933-52D5-39C0-AA6F-48A0D06418C8} = {AFB0A933-52D5-39C0-AA6F-48A0D06418C8}
		{3850F555-3B3E-36D2-80F0-1D2065A7FFCF} = {3850F555-3B3E-36D2-80F0-1D2065A7FFCF}
		{2EE6EA75-0EE3-36BE-BAF9-45D4BE638040} = {2EE6EA75-0EE3-36BE-BAF9-45D4BE638040}
		{1B2D243F-AFD5-3510-8B87-C3E0983039D2} = {1B2D243F-AFD5-3510-8B87-C3E0983039D2}
		{43266518-15C5-3DDA-973E-40828374E225} = {43266518-15C5-3DDA-973E-40828374E225}
		{980C3E0A-6EF2-3132-9DD0-65E69CA3BD5B} = {980C3E0A-6EF2-3132-9DD0-65E69CA3BD5B}
	EndProjectSection
EndProject
Global
	GlobalSection(SolutionConfigurationPlatforms) = preSolution
		Debug|Win32 = Debug|Win32
		Release|Win32 = Release|Win32
		MinSizeRel|Win32 = MinSizeRel|Win32
		RelWithDebInfo|Win32 = RelWithDebInfo|Win32
	EndGlobalSection
	GlobalSection(ProjectConfigurationPlatforms) = postSolution
		{112C3458-DBD5-3644-8E4C-860DC0A8B7B7}.Debug|Win32.ActiveCfg = Debug|Win32
		{112C3458-DBD5-3644-8E4C-860DC0A8B7B7}.Release|Win32.ActiveCfg = Release|Win32
		{112C3458-DBD5-3644-8E4C-860DC0A8B7B7}.MinSizeRel|Win32.ActiveCfg = MinSizeRel|Win32
		{112C3458-DBD5-3644-8E4C-860DC0A8B7B7}.RelWithDebInfo|Win32.ActiveCfg = RelWithDebInfo|Win32
		{BA762F9B-4FBC-31E7-89CA-721C70EF11F4}.Debug|Win32.ActiveCfg = Debug|Win32
		{BA762F9B-4FBC-31E7-89CA-721C70EF11F4}.Debug|Win32.Build.0 = Debug|Win32
		{BA762F9B-4FBC-31E7-89CA-721C70EF11F4}.Release|Win32.ActiveCfg = Release|Win32
		{BA762F9B-4FBC-31E7-89CA-721C70EF11F4}.Release|Win32.Build.0 = Release|Win32
		{BA762F9B-4FBC-31E7-89CA-721C70EF11F4}.MinSizeRel|Win32.ActiveCfg = MinSizeRel|Win32
		{BA762F9B-4FBC-31E7-89CA-721C70EF11F4}.MinSizeRel|Win32.Build.0 = MinSizeRel|Win32
		{BA762F9B-4FBC-31E7-89CA-721C70EF11F4}.RelWithDebInfo|Win32.ActiveCfg = RelWithDebInfo|Win32
		{BA762F9B-4FBC-31E7-89CA-721C70EF11F4}.RelWithDebInfo|Win32.Build.0 = RelWithDebInfo|Win32
		{3A819C7B-98E4-378A-82D2-A7B69042D575}.Debug|Win32.ActiveCfg = Debug|Win32
		{3A819C7B-98E4-378A-82D2-A7B69042D575}.Debug|Win32.Build.0 = Debug|Win32
		{3A819C7B-98E4-378A-82D2-A7B69042D575}.Release|Win32.ActiveCfg = Release|Win32
		{3A819C7B-98E4-378A-82D2-A7B69042D575}.Release|Win32.Build.0 = Release|Win32
		{3A819C7B-98E4-378A-82D2-A7B69042D575}.MinSizeRel|Win32.ActiveCfg = MinSizeRel|Win32
		{3A819C7B-98E4-378A-82D2-A7B69042D575}.MinSizeRel|Win32.Build.0 = MinSizeRel|Win32
		{3A819C7B-98E4-378A-82D2-A7B69042D575}.RelWithDebInfo|Win32.ActiveCfg = RelWithDebInfo|Win32
		{3A819C7B-98E4-378A-82D2-A7B69042D575}.RelWithDebInfo|Win32.Build.0 = RelWithDebInfo|Win32
		{E3C175FC-68E8-36A2-9B5E-3626926AE8D5}.Debug|Win32.ActiveCfg = Debug|Win32
		{E3C175FC-68E8-36A2-9B5E-3626926AE8D5}.Debug|Win32.Build.0 = Debug|Win32
		{E3C175FC-68E8-36A2-9B5E-3626926AE8D5}.Release|Win32.ActiveCfg = Release|Win32
		{E3C175FC-68E8-36A2-9B5E-3626926AE8D5}.Release|Win32.Build.0 = Release|Win32
		{E3C175FC-68E8-36A2-9B5E-3626926AE8D5}.MinSizeRel|Win32.ActiveCfg = MinSizeRel|Win32
		{E3C175FC-68E8-36A2-9B5E-3626926AE8D5}.MinSizeRel|Win32.Build.0 = MinSizeRel|Win32
		{E3C175FC-68E8-36A2-9B5E-3626926AE8D5}.RelWithDebInfo|Win32.ActiveCfg = RelWithDebInfo|Win32
		{E3C175FC-68E8-36A2-9B5E-3626926AE8D5}.RelWithDebInfo|Win32.Build.0 = RelWithDebInfo|Win32
		{5E679BEB-F74B-363E-ADAF-0CE2E7D49EAA}.Debug|Win32.ActiveCfg = Debug|Win32
		{5E679BEB-F74B-363E-ADAF-0CE2E7D49EAA}.Debug|Win32.Build.0 = Debug|Win32
		{5E679BEB-F74B-363E-ADAF-0CE2E7D49EAA}.Release|Win32.ActiveCfg = Release|Win32
		{5E679BEB-F74B-363E-ADAF-0CE2E7D49EAA}.Release|Win32.Build.0 = Release|Win32
		{5E679BEB-F74B-363E-ADAF-0CE2E7D49EAA}.MinSizeRel|Win32.ActiveCfg = MinSizeRel|Win32
		{5E679BEB-F74B-363E-ADAF-0CE2E7D49EAA}.MinSizeRel|Win32.Build.0 = MinSizeRel|Win32
		{5E679BEB-F74B-363E-ADAF-0CE2E7D49EAA}.RelWithDebInfo|Win32.ActiveCfg = RelWithDebInfo|Win32
		{5E679BEB-F74B-363E-ADAF-0CE2E7D49EAA}.RelWithDebInfo|Win32.Build.0 = RelWithDebInfo|Win32
		{AAC51452-AB37-345C-9C76-C808FAAAF4A9}.Debug|Win32.ActiveCfg = Debug|Win32
		{AAC51452-AB37-345C-9C76-C808FAAAF4A9}.Debug|Win32.Build.0 = Debug|Win32
		{AAC51452-AB37-345C-9C76-C808FAAAF4A9}.Release|Win32.ActiveCfg = Release|Win32
		{AAC51452-AB37-345C-9C76-C808FAAAF4A9}.Release|Win32.Build.0 = Release|Win32
		{AAC51452-AB37-345C-9C76-C808FAAAF4A9}.MinSizeRel|Win32.ActiveCfg = MinSizeRel|Win32
		{AAC51452-AB37-345C-9C76-C808FAAAF4A9}.MinSizeRel|Win32.Build.0 = MinSizeRel|Win32
		{AAC51452-AB37-345C-9C76-C808FAAAF4A9}.RelWithDebInfo|Win32.ActiveCfg = RelWithDebInfo|Win32
		{AAC51452-AB37-345C-9C76-C808FAAAF4A9}.RelWithDebInfo|Win32.Build.0 = RelWithDebInfo|Win32
		{AAD59B56-552B-3463-B331-8B87214F677E}.Debug|Win32.ActiveCfg = Debug|Win32
		{AAD59B56-552B-3463-B331-8B87214F677E}.Debug|Win32.Build.0 = Debug|Win32
		{AAD59B56-552B-3463-B331-8B87214F677E}.Release|Win32.ActiveCfg = Release|Win32
		{AAD59B56-552B-3463-B331-8B87214F677E}.Release|Win32.Build.0 = Release|Win32
		{AAD59B56-552B-3463-B331-8B87214F677E}.MinSizeRel|Win32.ActiveCfg = MinSizeRel|Win32
		{AAD59B56-552B-3463-B331-8B87214F677E}.MinSizeRel|Win32.Build.0 = MinSizeRel|Win32
		{AAD59B56-552B-3463-B331-8B87214F677E}.RelWithDebInfo|Win32.ActiveCfg = RelWithDebInfo|Win32
		{AAD59B56-552B-3463-B331-8B87214F677E}.RelWithDebInfo|Win32.Build.0 = RelWithDebInfo|Win32
		{79FAB8E0-F918-3977-BC5F-14559ED67D5B}.Debug|Win32.ActiveCfg = Debug|Win32
		{79FAB8E0-F918-3977-BC5F-14559ED67D5B}.Debug|Win32.Build.0 = Debug|Win32
		{79FAB8E0-F918-3977-BC5F-14559ED67D5B}.Release|Win32.ActiveCfg = Release|Win32
		{79FAB8E0-F918-3977-BC5F-14559ED67D5B}.Release|Win32.Build.0 = Release|Win32
		{79FAB8E0-F918-3977-BC5F-14559ED67D5B}.MinSizeRel|Win32.ActiveCfg = MinSizeRel|Win32
		{79FAB8E0-F918-3977-BC5F-14559ED67D5B}.MinSizeRel|Win32.Build.0 = MinSizeRel|Win32
		{79FAB8E0-F918-3977-BC5F-14559ED67D5B}.RelWithDebInfo|Win32.ActiveCfg = RelWithDebInfo|Win32
		{79FAB8E0-F918-3977-BC5F-14559ED67D5B}.RelWithDebInfo|Win32.Build.0 = RelWithDebInfo|Win32
		{7AB0CD93-1279-3275-8303-A58BB61B2A69}.Debug|Win32.ActiveCfg = Debug|Win32
		{7AB0CD93-1279-3275-8303-A58BB61B2A69}.Debug|Win32.Build.0 = Debug|Win32
		{7AB0CD93-1279-3275-8303-A58BB61B2A69}.Release|Win32.ActiveCfg = Release|Win32
		{7AB0CD93-1279-3275-8303-A58BB61B2A69}.Release|Win32.Build.0 = Release|Win32
		{7AB0CD93-1279-3275-8303-A58BB61B2A69}.MinSizeRel|Win32.ActiveCfg = MinSizeRel|Win32
		{7AB0CD93-1279-3275-8303-A58BB61B2A69}.MinSizeRel|Win32.Build.0 = MinSizeRel|Win32
		{7AB0CD93-1279-3275-8303-A58BB61B2A69}.RelWithDebInfo|Win32.ActiveCfg = RelWithDebInfo|Win32
		{7AB0CD93-1279-3275-8303-A58BB61B2A69}.RelWithDebInfo|Win32.Build.0 = RelWithDebInfo|Win32
		{AFB0A933-52D5-39C0-AA6F-48A0D06418C8}.Debug|Win32.ActiveCfg = Debug|Win32
		{AFB0A933-52D5-39C0-AA6F-48A0D06418C8}.Debug|Win32.Build.0 = Debug|Win32
		{AFB0A933-52D5-39C0-AA6F-48A0D06418C8}.Release|Win32.ActiveCfg = Release|Win32
		{AFB0A933-52D5-39C0-AA6F-48A0D06418C8}.Release|Win32.Build.0 = Release|Win32
		{AFB0A933-52D5-39C0-AA6F-48A0D06418C8}.MinSizeRel|Win32.ActiveCfg = MinSizeRel|Win32
		{AFB0A933-52D5-39C0-AA6F-48A0D06418C8}.MinSizeRel|Win32.Build.0 = MinSizeRel|Win32
		{AFB0A933-52D5-39C0-AA6F-48A0D06418C8}.RelWithDebInfo|Win32.ActiveCfg = RelWithDebInfo|Win32
		{AFB0A933-52D5-39C0-AA6F-48A0D06418C8}.RelWithDebInfo|Win32.Build.0 = RelWithDebInfo|Win32
		{3850F555-3B3E-36D2-80F0-1D2065A7FFCF}.Debug|Win32.ActiveCfg = Debug|Win32
		{3850F555-3B3E-36D2-80F0-1D2065A7FFCF}.Debug|Win32.Build.0 = Debug|Win32
		{3850F555-3B3E-36D2-80F0-1D2065A7FFCF}.Release|Win32.ActiveCfg = Release|Win32
		{3850F555-3B3E-36D2-80F0-1D2065A7FFCF}.Release|Win32.Build.0 = Release|Win32
		{3850F555-3B3E-36D2-80F0-1D2065A7FFCF}.MinSizeRel|Win32.ActiveCfg = MinSizeRel|Win32
		{3850F555-3B3E-36D2-80F0-1D2065A7FFCF}.MinSizeRel|Win32.Build.0 = MinSizeRel|Win32
		{3850F555-3B3E-36D2-80F0-1D2065A7FFCF}.RelWithDebInfo|Win32.ActiveCfg = RelWithDebInfo|Win32
		{3850F555-3B3E-36D2-80F0-1D2065A7FFCF}.RelWithDebInfo|Win32.Build.0 = RelWithDebInfo|Win32
		{2EE6EA75-0EE3-36BE-BAF9-45D4BE638040}.Debug|Win32.ActiveCfg = Debug|Win32
		{2EE6EA75-0EE3-36BE-BAF9-45D4BE638040}.Debug|Win32.Build.0 = Debug|Win32
		{2EE6EA75-0EE3-36BE-BAF9-45D4BE638040}.Release|Win32.ActiveCfg = Release|Win32
		{2EE6EA75-0EE3-36BE-BAF9-45D4BE638040}.Release|Win32.Build.0 = Release|Win32
		{2EE6EA75-0EE3-36BE-BAF9-45D4BE638040}.MinSizeRel|Win32.ActiveCfg = MinSizeRel|Win32
		{2EE6EA75-0EE3-36BE-BAF9-45D4BE638040}.MinSizeRel|Win32.Build.0 = MinSizeRel|Win32
		{2EE6EA75-0EE3-36BE-BAF9-45D4BE638040}.RelWithDebInfo|Win32.ActiveCfg = RelWithDebInfo|Win32
		{2EE6EA75-0EE3-36BE-BAF9-45D4BE638040}.RelWithDebInfo|Win32.Build.0 = RelWithDebInfo|Win32
		{1B2D243F-AFD5-3510-8B87-C3E0983039D2}.Debug|Win32.ActiveCfg = Debug|Win32
		{1B2D243F-AFD5-3510-8B87-C3E0983039D2}.Debug|Win32.Build.0 = Debug|Win32
		{1B2D243F-AFD5-3510-8B87-C3E0983039D2}.Release|Win32.ActiveCfg = Release|Win32
		{1B2D243F-AFD5-3510-8B87-C3E0983039D2}.Release|Win32.Build.0 = Release|Win32
		{1B2D243F-AFD5-3510-8B87-C3E0983039D2}.MinSizeRel|Win32.ActiveCfg = MinSizeRel|Win32
		{1B2D243F-AFD5-3510-8B87-C3E0983039D2}.MinSizeRel|Win32.Build.0 = MinSizeRel|Win32
		{1B2D243F-AFD5-3510-8B87-C3E0983039D2}.RelWithDebInfo|Win32.ActiveCfg = RelWithDebInfo|Win32
		{1B2D243F-AFD5-3510-8B87-C3E0983039D2}.RelWithDebInfo|Win32.Build.0 = RelWithDebInfo|Win32
		{43266518-15C5-3DDA-973E-40828374E225}.Debug|Win32.ActiveCfg = Debug|Win32
		{43266518-15C5-3DDA-973E-40828374E225}.Debug|Win32.Build.0 = Debug|Win32
		{43266518-15C5-3DDA-973E-40828374E225}.Release|Win32.ActiveCfg = Release|Win32
		{43266518-15C5-3DDA-973E-40828374E225}.Release|Win32.Build.0 = Release|Win32
		{43266518-15C5-3DDA-973E-40828374E225}.MinSizeRel|Win32.ActiveCfg = MinSizeRel|Win32
		{43266518-15C5-3DDA-973E-40828374E225}.MinSizeRel|Win32.Build.0 = MinSizeRel|Win32
		{43266518-15C5-3DDA-973E-40828374E225}.RelWithDebInfo|Win32.ActiveCfg = RelWithDebInfo|Win32
		{43266518-15C5-3DDA-973E-40828374E225}.RelWithDebInfo|Win32.Build.0 = RelWithDebInfo|Win32
		{980C3E0A-6EF2-3132-9DD0-65E69CA3BD5B}.Debug|Win32.ActiveCfg = Debug|Win32
		{980C3E0A-6EF2-3132-9DD0-65E69CA3BD5B}.Debug|Win32.Build.0 = Debug|Win32
		{980C3E0A-6EF2-3132-9DD0-65E69CA3BD5B}.Release|Win32.ActiveCfg = Release|Win32
		{980C3E0A-6EF2-3132-9DD0-65E69CA3BD5B}.Release|Win32.Build.0 = Release|Win32
		{980C3E0A-6EF2-3132-9DD0-65E69CA3BD5B}.MinSizeRel|Win32.ActiveCfg = MinSizeRel|Win32
		{980C3E0A-6EF2-3132-9DD0-65E69CA3BD5B}.MinSizeRel|Win32.Build.0 = MinSizeRel|Win32
		{980C3E0A-6EF2-3132-9DD0-65E69CA3BD5B}.RelWithDebInfo|Win32.ActiveCfg = RelWithDebInfo|Win32
		{980C3E0A-6EF2-3132-9DD0-65E69CA3BD5B}.RelWithDebInfo|Win32.Build.0 = RelWithDebInfo|Win32
		{500A998C-EBF3-3945-B441-8B4BBF11F8AA}.Debug|Win32.ActiveCfg = Debug|Win32
		{500A998C-EBF3-3945-B441-8B4BBF11F8AA}.Debug|Win32.Build.0 = Debug|Win32
		{500A998C-EBF3-3945-B441-8B4BBF11F8AA}.Release|Win32.ActiveCfg = Release|Win32
		{500A998C-EBF3-3945-B441-8B4BBF11F8AA}.Release|Win32.Build.0 = Release|Win32
		{500A998C-EBF3-3945-B441-8B4BBF11F8AA}.MinSizeRel|Win32.ActiveCfg = MinSizeRel|Win32
		{500A998C-EBF3-3945-B441-8B4BBF11F8AA}.MinSizeRel|Win32.Build.0 = MinSizeRel|Win32
		{500A998C-EBF3-3945-B441-8B4BBF11F8AA}.RelWithDebInfo|Win32.ActiveCfg = RelWithDebInfo|Win32
		{500A998C-EBF3-3945-B441-8B4BBF11F8AA}.RelWithDebInfo|Win32.Build.0 = RelWithDebInfo|Win32
	EndGlobalSection
	GlobalSection(NestedProjects) = preSolution
		{112C3458-DBD5-3644-8E4C-860DC0A8B7B7} = {1AA071D9-2F5C-3A31-9889-ED07BD719A59}
		{E3C175FC-68E8-36A2-9B5E-3626926AE8D5} = {1AA071D9-2F5C-3A31-9889-ED07BD719A59}
		{AAC51452-AB37-345C-9C76-C808FAAAF4A9} = {00D40D64-CA08-3419-9DDA-C7C732000C93}
		{AAD59B56-552B-3463-B331-8B87214F677E} = {00D40D64-CA08-3419-9DDA-C7C732000C93}
		{79FAB8E0-F918-3977-BC5F-14559ED67D5B} = {00D40D64-CA08-3419-9DDA-C7C732000C93}
		{7AB0CD93-1279-3275-8303-A58BB61B2A69} = {00D40D64-CA08-3419-9DDA-C7C732000C93}
		{AFB0A933-52D5-39C0-AA6F-48A0D06418C8} = {00D40D64-CA08-3419-9DDA-C7C732000C93}
		{3850F555-3B3E-36D2-80F0-1D2065A7FFCF} = {00D40D64-CA08-3419-9DDA-C7C732000C93}
		{2EE6EA75-0EE3-36BE-BAF9-45D4BE638040} = {00D40D64-CA08-3419-9DDA-C7C732000C93}
		{1B2D243F-AFD5-3510-8B87-C3E0983039D2} = {00D40D64-CA08-3419-9DDA-C7C732000C93}
		{43266518-15C5-3DDA-973E-40828374E225} = {00D40D64-CA08-3419-9DDA-C7C732000C93}
		{980C3E0A-6EF2-3132-9DD0-65E69CA3BD5B} = {00D40D64-CA08-3419-9DDA-C7C732000C93}
		{500A998C-EBF3-3945-B441-8B4BBF11F8AA} = {00D40D64-CA08-3419-9DDA-C7C732000C93}
		{5E679BEB-F74B-363E-ADAF-0CE2E7D49EAA} = {67350127-9E63-3C8C-8C2B-458F016CE815}
		{3A819C7B-98E4-378A-82D2-A7B69042D575} = {CB7B5989-FE77-32B7-9160-5D55A26BA05B}
	EndGlobalSection
	GlobalSection(ExtensibilityGlobals) = postSolution
		SolutionGuid = {F35D4CB7-2FD1-3188-B922-3C455BFD9C61}
	EndGlobalSection
	GlobalSection(ExtensibilityAddIns) = postSolution
	EndGlobalSection
EndGlobal
